{
  "projects": [
    {
      "projectId": "seaQhLVS4bbjiGvJJrRwyL",
      "version": "15.0.3",
      "dependencies": {},
      "lang": "js",
      "fileLocks": [
        {
          "assetId": "seaQhLVS4bbjiGvJJrRwyL",
          "type": "projectCss",
          "checksum": "ece20f44556ec6d6230797947e2125ef"
        }
      ]
    },
    {
      "projectId": "h4YeDEMYgWVsBFTw8FMJtM",
      "version": "latest",
      "dependencies": {
        "seaQhLVS4bbjiGvJJrRwyL": "15.0.3"
      },
      "lang": "js",
      "fileLocks": [
        {
          "type": "globalVariant",
          "assetId": "JD6wF7zwyldn",
          "checksum": "95a802bb34b6ca715ba35bf362753b7b"
        },
        {
          "assetId": "h4YeDEMYgWVsBFTw8FMJtM",
          "type": "projectCss",
          "checksum": "462c5bb869d3c1710f99d796b1060ceb"
        },
        {
          "type": "renderModule",
          "assetId": "tHsFK95hfmH",
          "checksum": "db84517b761dab401a122242b24b6fda"
        },
        {
          "type": "cssRules",
          "assetId": "tHsFK95hfmH",
          "checksum": "db84517b761dab401a122242b24b6fda"
        },
        {
          "type": "renderModule",
          "assetId": "6szZRisEj_D",
          "checksum": "263e3ce7591018ac69a8673f45b86fbd"
        },
        {
          "type": "cssRules",
          "assetId": "6szZRisEj_D",
          "checksum": "263e3ce7591018ac69a8673f45b86fbd"
        },
        {
          "type": "renderModule",
          "assetId": "9ld2M9zaTnJ",
          "checksum": "ef1c2a5e16e82c1281e23345c560930b"
        },
        {
          "type": "cssRules",
          "assetId": "9ld2M9zaTnJ",
          "checksum": "ef1c2a5e16e82c1281e23345c560930b"
        },
        {
          "type": "renderModule",
          "assetId": "0LPtouwpT9T",
          "checksum": "2a3bd87098f583922f63e35ced9e9d2b"
        },
        {
          "type": "cssRules",
          "assetId": "0LPtouwpT9T",
          "checksum": "2a3bd87098f583922f63e35ced9e9d2b"
        },
        {
          "type": "renderModule",
          "assetId": "OSMs8QAIPT8r",
          "checksum": "cabd5e6ed311f19ec0c89cdb33e1afa1"
        },
        {
          "type": "cssRules",
          "assetId": "OSMs8QAIPT8r",
          "checksum": "cabd5e6ed311f19ec0c89cdb33e1afa1"
        },
        {
          "type": "renderModule",
          "assetId": "O8HFXgI_9Hdz",
          "checksum": "d7d495d72c1468b36a6a402da6cb7400"
        },
        {
          "type": "cssRules",
          "assetId": "O8HFXgI_9Hdz",
          "checksum": "d7d495d72c1468b36a6a402da6cb7400"
        },
        {
          "type": "renderModule",
          "assetId": "_XLNFD5jogvT",
          "checksum": "22deaae1953c23f0e2620477b15d8fcf"
        },
        {
          "type": "cssRules",
          "assetId": "_XLNFD5jogvT",
          "checksum": "22deaae1953c23f0e2620477b15d8fcf"
        },
        {
          "type": "renderModule",
          "assetId": "d2voT_JQ1sDL",
          "checksum": "fe4f0a4e54210717dca7c8d211b10feb"
        },
        {
          "type": "cssRules",
          "assetId": "d2voT_JQ1sDL",
          "checksum": "fe4f0a4e54210717dca7c8d211b10feb"
        },
        {
          "type": "renderModule",
          "assetId": "Y3Zl51ohjoWx",
          "checksum": "57839e95b6f5de2fbf5244a63fab8a38"
        },
        {
          "type": "cssRules",
          "assetId": "Y3Zl51ohjoWx",
          "checksum": "57839e95b6f5de2fbf5244a63fab8a38"
        },
        {
          "type": "renderModule",
          "assetId": "3lGAJkj4nXZn",
          "checksum": "0c7dbd6bd2b195ee0924db1491833dbf"
        },
        {
          "type": "cssRules",
          "assetId": "3lGAJkj4nXZn",
          "checksum": "0c7dbd6bd2b195ee0924db1491833dbf"
        },
        {
          "type": "renderModule",
          "assetId": "YL7BR56HsPOa",
          "checksum": "e3a338b2a90ce7bcd0f203ea9a65e3b3"
        },
        {
          "type": "cssRules",
          "assetId": "YL7BR56HsPOa",
          "checksum": "e3a338b2a90ce7bcd0f203ea9a65e3b3"
        },
        {
          "type": "icon",
          "assetId": "DYgKT4q5Bn9a",
          "checksum": "7385aeb53a7314918e7e1a61aac3f5e2"
        },
        {
          "type": "icon",
          "assetId": "8hFRNlBUcBFf",
          "checksum": "df9dcfb7da9cb6cab5ab9180332eee4b"
        },
        {
          "type": "icon",
          "assetId": "dyL6CJivfwG9",
          "checksum": "b3824ffc73d3b88c7c1294e4a642b19c"
        },
        {
          "type": "icon",
          "assetId": "Dm3wWFGvXu1R",
          "checksum": "33b49b109a32c97a0a92dc264c3ec1f1"
        },
        {
          "type": "icon",
          "assetId": "pnRJrkTY0Ecm",
          "checksum": "3de403f6b5f13e559bfd34e71883957e"
        },
        {
          "type": "icon",
          "assetId": "TlEU4zYjXl9u",
          "checksum": "2f21236763b9a3f356e6eceb1cc4557b"
        },
        {
          "type": "icon",
          "assetId": "a7ewixjs4fWk",
          "checksum": "422b12d37ecd6258cac54969334b68d0"
        },
        {
          "type": "icon",
          "assetId": "TqBbl-56ldVJ",
          "checksum": "bff94979889c349083b3b10a96b7c7e5"
        },
        {
          "type": "icon",
          "assetId": "yXmXajoODEBB",
          "checksum": "5db0c5a4fbbbeb35556d2ad53943fb5e"
        },
        {
          "type": "icon",
          "assetId": "A8J_mw_aExJ_",
          "checksum": "1dea02e0a71c26e0bb8046bf4a972701"
        },
        {
          "type": "icon",
          "assetId": "_CApgrniFXIJ",
          "checksum": "f15f06d9eff4aaa28b5bad4618cfbe10"
        },
        {
          "type": "icon",
          "assetId": "rpsDWs0gVaCS",
          "checksum": "adb1e5ac81888694d139b664ab72cd49"
        },
        {
          "type": "icon",
          "assetId": "TggKS6wlgmGZ",
          "checksum": "30dc8ff554ed2f2480b07f39cee8290f"
        },
        {
          "type": "icon",
          "assetId": "Z9cvjrMXgtPB",
          "checksum": "fdf9ae562474f6ddceb732979740afd9"
        },
        {
          "type": "icon",
          "assetId": "zfCNI3XFkN_4",
          "checksum": "015e3188bde4d9fe008295988d28b454"
        },
        {
          "type": "icon",
          "assetId": "CbQCfL1W-u2C",
          "checksum": "9e9a2ed55e1af47eec54a4409418c2c8"
        },
        {
          "type": "icon",
          "assetId": "Jqit0q2ivEfX",
          "checksum": "607faa28bea394094e6f066c32b18918"
        },
        {
          "type": "image",
          "assetId": "IuD92x-E-4T5",
          "checksum": "1fe044b8d8176bb95e0d1965816e711f"
        },
        {
          "type": "image",
          "assetId": "Cb8LnqYtLn_U",
          "checksum": "2b6a6a2c8b73dffb1e082f521639cff4"
        },
        {
          "type": "image",
          "assetId": "f-zj1KzvOLC_",
          "checksum": "8270427d37d0c27dfec23f140d70e1e8"
        },
        {
          "type": "image",
          "assetId": "xXPEs7C-G2Wf",
          "checksum": "d5a2c85db4cbb13ffef524151258fee1"
        },
        {
          "type": "image",
          "assetId": "TNcMHJKz6HFz",
          "checksum": "3e9d1913563b49d4519100d41650fd88"
        },
        {
          "type": "image",
          "assetId": "IbSGbnaNDGti",
          "checksum": "b68457c8a6624975b147100d5812ec86"
        },
        {
          "type": "image",
          "assetId": "k27HoFu3N4re",
          "checksum": "992f31a52d5586a0207ac32a8bb61be8"
        },
        {
          "type": "image",
          "assetId": "o7pftgdik2se",
          "checksum": "59a83493db691353a54655088fc4d81f"
        },
        {
          "type": "image",
          "assetId": "jkeOYkN6M5Aa",
          "checksum": "2d24369b6e779ce8a45cdb12bb3b3749"
        },
        {
          "type": "image",
          "assetId": "Ke0VtE63M3fX",
          "checksum": "2fa9663574ee679087fee1970f1860dd"
        },
        {
          "type": "image",
          "assetId": "Nwhlme_3Uhp4",
          "checksum": "daf5c972d931eabe01c91eef149a5e95"
        },
        {
          "type": "image",
          "assetId": "npR1jFX7HFBn",
          "checksum": "f3b4bc4925400cee9d7d12b7272c34a1"
        },
        {
          "type": "image",
          "assetId": "M_b_2BAD79Kb",
          "checksum": "c3e58a96bb77d375a2b0c95d24eaacc1"
        },
        {
          "type": "image",
          "assetId": "nV1OwkH4PWSe",
          "checksum": "7dd92c8b0ba0c4160944cdda2f9f37fd"
        },
        {
          "type": "image",
          "assetId": "2rz9aOeGfEEI",
          "checksum": "516967b93a7b8bb0f27088389c29fa63"
        },
        {
          "type": "image",
          "assetId": "ZqO0RuyvVLrh",
          "checksum": "f6f61d4e015a1310527761e6625104b6"
        },
        {
          "type": "image",
          "assetId": "9mztNLcHt9RB",
          "checksum": "7a1f11eb57f981382320229a9a85405b"
        },
        {
          "type": "image",
          "assetId": "NCztqkrjstbo",
          "checksum": "b213c5311837981f73468cd021ea4616"
        },
        {
          "type": "image",
          "assetId": "MV6tW3SHo_OZ",
          "checksum": "a577fff41fc0d92c99cb99ac3b14dd18"
        },
        {
          "type": "image",
          "assetId": "zNKObeSZ3dHY",
          "checksum": "a6e8a34c839d9b81c3e6da20a6a27165"
        },
        {
          "type": "image",
          "assetId": "Hzg5PR1sU3Jw",
          "checksum": "1d59f6b5b9c07fc29cafdefde9cd7f60"
        },
        {
          "type": "image",
          "assetId": "tn4JcvNZlcPL",
          "checksum": "5d7dd271da724b475f61d32261ec98b0"
        },
        {
          "type": "image",
          "assetId": "ULPyst1K4wwR",
          "checksum": "e096e4f171b6c5af82a7a9fe1b1a8cf1"
        },
        {
          "type": "image",
          "assetId": "rDQYUSIH8hRA",
          "checksum": "bcc69257fb7ed726218e1e55243a90a4"
        },
        {
          "type": "image",
          "assetId": "cXucKwbn3dPS",
          "checksum": "9007ecd57b32a0dcc11dcbfa0a6eacfa"
        }
      ]
    }
  ],
  "cliVersion": "0.1.166"
}
